// !$*UTF8*$!
{
	archiveVersion = 1;
	classes = {
	};
	objectVersion = 46;
	objects = {

/* Begin PBXBuildFile section */
		0207DA581B56EA530066E2B4 /* Images.xcassets in Resources */ = {isa = PBXBuildFile; fileRef = 0207DA571B56EA530066E2B4 /* Images.xcassets */; };
		02E9AFF30BD345FCAEF01A6C /* GCDWebServerConnection.m in Sources */ = {isa = PBXBuildFile; fileRef = 82D867A6AEC24A3EAF2C5301 /* GCDWebServerConnection.m */; };
		048DEF36DFC3403EBA08B18A /* GCDWebServerResponse.m in Sources */ = {isa = PBXBuildFile; fileRef = 2A4598AA06E640EDB6D82C75 /* GCDWebServerResponse.m */; };
		0729B16FDFB943A98D4E619A /* CDVJpegHeaderWriter.m in Sources */ = {isa = PBXBuildFile; fileRef = C07596B4F6BB487187798E02 /* CDVJpegHeaderWriter.m */; };
		0746DD161DE04FF6B19322D1 /* WebKit.framework in Frameworks */ = {isa = PBXBuildFile; fileRef = 66F991CB7F564E149BAD7899 /* WebKit.framework */; settings = {ATTRIBUTES = (Weak, ); }; };
		08551CE7E5D0474188288602 /* zh-Hans.lproj in Resources */ = {isa = PBXBuildFile; fileRef = C7FBE93701544B42ACECDE36 /* zh-Hans.lproj */; };
		098954E323114B0EA29BCA1D /* NSString+SSURLEncoding.m in Sources */ = {isa = PBXBuildFile; fileRef = E5C72AF710324C039B86CA5E /* NSString+SSURLEncoding.m */; };
		0A7B6465D9D54A799432D356 /* GMSelected.png in Resources */ = {isa = PBXBuildFile; fileRef = 64900949408A45D68C923911 /* GMSelected.png */; };
		0E91394AD7DE4CF6A2D9569B /* GCDWebServerRequest.m in Sources */ = {isa = PBXBuildFile; fileRef = 04C6C6F3E6D94CB287F90BBC /* GCDWebServerRequest.m */; };
		101E2FC9FEBE43F69B389FF3 /* GCDWebServer.m in Sources */ = {isa = PBXBuildFile; fileRef = 07BCEB5584984553A1172215 /* GCDWebServer.m */; };
		103653D6F1F94699A06209E4 /* ImageIO.framework in Frameworks */ = {isa = PBXBuildFile; fileRef = 89B821099A6C4D8A829E78F0 /* ImageIO.framework */; settings = {ATTRIBUTES = (Weak, ); }; };
		1133C64EDD2A49DCB98119C7 /* pt.lproj in Resources */ = {isa = PBXBuildFile; fileRef = DCD879470BF64D42B54CC0FF /* pt.lproj */; };
		14A9C2069C4341D6A0FA257D /* GMEmptyFolder@1x.png in Resources */ = {isa = PBXBuildFile; fileRef = CF7FA4E21BD1453289D2ECDC /* GMEmptyFolder@1x.png */; };
		15B758D0D7A14BB9A6F66597 /* CDVDevice.m in Sources */ = {isa = PBXBuildFile; fileRef = 17891BB4A4EF4142B35317C6 /* CDVDevice.m */; };
		1874D13F37B443148E30B8CF /* GCDWebServerStreamedResponse.m in Sources */ = {isa = PBXBuildFile; fileRef = CE4ABDDE0DAC47BFB11ED34D /* GCDWebServerStreamedResponse.m */; };
		1D3623260D0F684500981E51 /* AppDelegate.m in Sources */ = {isa = PBXBuildFile; fileRef = 1D3623250D0F684500981E51 /* AppDelegate.m */; };
		1D60589B0D05DD56006BFB54 /* main.m in Sources */ = {isa = PBXBuildFile; fileRef = 29B97316FDCFA39411CA2CEA /* main.m */; };
		1F13D946F43342458C8A64F2 /* Security.framework in Frameworks */ = {isa = PBXBuildFile; fileRef = CB7FEA57615B423FBEF3B7F8 /* Security.framework */; };
		20F5ED624BAA448289ED3408 /* en.lproj in Resources */ = {isa = PBXBuildFile; fileRef = BB5E8B4F36F649989F407DA0 /* en.lproj */; };
		23722809AE2546EF8F1C13BA /* GMGridViewController.m in Sources */ = {isa = PBXBuildFile; fileRef = B590070A00004B8C84056D34 /* GMGridViewController.m */; };
		245BA3AF9E52440B89F97BE8 /* SOSPicker.m in Sources */ = {isa = PBXBuildFile; fileRef = 9C58250037424CAB9F254D0F /* SOSPicker.m */; };
		269DFAB493B141038B819CF7 /* PEPhotoCropEditor.bundle in Resources */ = {isa = PBXBuildFile; fileRef = 4347CEF0BF534CCC97B9B3E5 /* PEPhotoCropEditor.bundle */; };
		26A5189D89454777A96CB62A /* GCDWebServerFileResponse.m in Sources */ = {isa = PBXBuildFile; fileRef = 70FA38229ECB4EA69D71E4A8 /* GCDWebServerFileResponse.m */; };
		2809451080CC4B9FB395279F /* GMPHAsset.m in Sources */ = {isa = PBXBuildFile; fileRef = D011D058C4D94AD18CBFF774 /* GMPHAsset.m */; };
		2B40E250B0804CF694044F55 /* fr.lproj in Resources */ = {isa = PBXBuildFile; fileRef = 5BE7CFE2FDAD4D148C49E64D /* fr.lproj */; };
		2EEE6B318D944A5882562478 /* GCDWebServerURLEncodedFormRequest.m in Sources */ = {isa = PBXBuildFile; fileRef = BBAD70446A6A45AAAD664CE9 /* GCDWebServerURLEncodedFormRequest.m */; };
		2F05A70A24754BD3848F4208 /* CDVStatusBar.m in Sources */ = {isa = PBXBuildFile; fileRef = B7F1A828FD16421083C0177C /* CDVStatusBar.m */; };
		301BF552109A68D80062928A /* libCordova.a in Frameworks */ = {isa = PBXBuildFile; fileRef = 301BF535109A57CC0062928A /* libCordova.a */; };
		302D95F114D2391D003F00A1 /* MainViewController.m in Sources */ = {isa = PBXBuildFile; fileRef = 302D95EF14D2391D003F00A1 /* MainViewController.m */; };
		302D95F214D2391D003F00A1 /* MainViewController.xib in Resources */ = {isa = PBXBuildFile; fileRef = 302D95F014D2391D003F00A1 /* MainViewController.xib */; };
		334F221CE7E2409CABAF3115 /* UIImage+PECrop.m in Sources */ = {isa = PBXBuildFile; fileRef = C447D47E93F3452881B7D172 /* UIImage+PECrop.m */; };
		39BAC242C5584DCF992F2B0A /* it.lproj in Resources */ = {isa = PBXBuildFile; fileRef = 0FC0A6078B434D388F3ED45A /* it.lproj */; };
		3ABB6BDEEF764CA4B691B459 /* PECropViewController.m in Sources */ = {isa = PBXBuildFile; fileRef = 60D0B1E20D8740B5BD3FB65F /* PECropViewController.m */; };
		3B5C4288B2ED4E5DACBDA0B1 /* UIImage+fixOrientation.m in Sources */ = {isa = PBXBuildFile; fileRef = D44B1513ADF04787A7289EBA /* UIImage+fixOrientation.m */; };
		40F8C356967647EC9988A98F /* MessageUI.framework in Frameworks */ = {isa = PBXBuildFile; fileRef = 654671FF8EE64DA49C33F550 /* MessageUI.framework */; settings = {ATTRIBUTES = (Weak, ); }; };
		481779F08A60426DB34FFE39 /* PECropRectView.m in Sources */ = {isa = PBXBuildFile; fileRef = B9BA1D4FF00A4B428B96AB3A /* PECropRectView.m */; };
		4841A813096E4249B0CE03FD /* GMGridViewCell.m in Sources */ = {isa = PBXBuildFile; fileRef = 1347634C65FB4B3186B3DE30 /* GMGridViewCell.m */; };
		4B14B26036894CE798FE342B /* SocialSharing.m in Sources */ = {isa = PBXBuildFile; fileRef = AFC534F6AD3D4025B4ED15A0 /* SocialSharing.m */; };
		50989CC9721641118DB1DC81 /* AVFoundation.framework in Frameworks */ = {isa = PBXBuildFile; fileRef = 93630792FBC14C36A4C370AA /* AVFoundation.framework */; };
		585BFF8153B94C748CEC3EC8 /* CDVCamera.m in Sources */ = {isa = PBXBuildFile; fileRef = 6CC629215C0644A4B31801A2 /* CDVCamera.m */; };
		6AFF5BF91D6E424B00AB3073 /* CDVLaunchScreen.storyboard in Resources */ = {isa = PBXBuildFile; fileRef = 6AFF5BF81D6E424B00AB3073 /* CDVLaunchScreen.storyboard */; };
		71ECF832FF82463F92781226 /* es.lproj in Resources */ = {isa = PBXBuildFile; fileRef = B048B68A60C7431EB00E4A68 /* es.lproj */; };
		78F790E6017045C593668184 /* SystemConfiguration.framework in Frameworks */ = {isa = PBXBuildFile; fileRef = 57E8A9C687A0425394200883 /* SystemConfiguration.framework */; };
		79B1F45560574946A02B1F75 /* Accelerate.framework in Frameworks */ = {isa = PBXBuildFile; fileRef = 03A831C84213456787768C03 /* Accelerate.framework */; };
		7D0A15A30C3549E1B96E4E25 /* PECropView.m in Sources */ = {isa = PBXBuildFile; fileRef = 0112A70AA727426BA1DA9977 /* PECropView.m */; };
		7FE6FBEB798141F595F1427D /* PEResizeControl.m in Sources */ = {isa = PBXBuildFile; fileRef = 22C1716E1DC144AD926C395C /* PEResizeControl.m */; };
		863BAAC963C644479CC1804C /* CDVIonicKeyboard.m in Sources */ = {isa = PBXBuildFile; fileRef = 12D68065F0934142884A2217 /* CDVIonicKeyboard.m */; };
		8886E1B724544680B5C97C91 /* CoreLocation.framework in Frameworks */ = {isa = PBXBuildFile; fileRef = 5B120C7262214BAC86465E4C /* CoreLocation.framework */; };
		8A1FB13ACAAD49B493F8908E /* GCDWebServerDataRequest.m in Sources */ = {isa = PBXBuildFile; fileRef = 5E9845C17DBD4F4E806A3FE6 /* GCDWebServerDataRequest.m */; };
		915BD2C725F742178CC55E5D /* GCDWebServerFunctions.m in Sources */ = {isa = PBXBuildFile; fileRef = AA74972DF7984D9A86F5F8B7 /* GCDWebServerFunctions.m */; };
		91DB1FD3C4664B809E5D961F /* Photos.framework in Frameworks */ = {isa = PBXBuildFile; fileRef = 16022FDCFA9B4F1B8F7B6C6B /* Photos.framework */; };
		94C72C16E1F84737B01BA9C9 /* CDVViewController+SplashScreen.m in Sources */ = {isa = PBXBuildFile; fileRef = 20C5CF3A30BE4F89A52592E6 /* CDVViewController+SplashScreen.m */; };
		9E0C379A34614C1FA8EE27B9 /* GMEmptyFolder@2x.png in Resources */ = {isa = PBXBuildFile; fileRef = D1BDC54208CA48FF87286D03 /* GMEmptyFolder@2x.png */; };
		A0FD926A8A904F1EAB92E1D9 /* QuartzCore.framework in Frameworks */ = {isa = PBXBuildFile; fileRef = 434010C5626442DE983C9D8B /* QuartzCore.framework */; };
		A137B6652C4F486E9A0729CE /* GMSelected@2x.png in Resources */ = {isa = PBXBuildFile; fileRef = 2B0764FE8C5B4514954B855F /* GMSelected@2x.png */; };
		A423E19F8A1242128830824F /* GMImagePickerController.m in Sources */ = {isa = PBXBuildFile; fileRef = B9A861843AC8400CAFC144C1 /* GMImagePickerController.m */; };
		A5DCE69F7BA44354AF7B7FC9 /* pl.lproj in Resources */ = {isa = PBXBuildFile; fileRef = 98FC18B9AADF430EB3FC2617 /* pl.lproj */; };
		AF006090526041CFBE3BDC3F /* CDVWKProcessPoolFactory.m in Sources */ = {isa = PBXBuildFile; fileRef = FB8E0A818ABE4B0792044D1E /* CDVWKProcessPoolFactory.m */; };
		B0BBAF3943624E47ACA3264C /* UIImage+CropScaleOrientation.m in Sources */ = {isa = PBXBuildFile; fileRef = 233A9A9DCC1A49F799B7253F /* UIImage+CropScaleOrientation.m */; };
		B3A3AA3E3C9A47328A61D109 /* PSYBlockTimer.m in Sources */ = {isa = PBXBuildFile; fileRef = 47F45919465541D8A5264FE7 /* PSYBlockTimer.m */; };
		B6FC97C8D4704666AC296DD9 /* GMAlbumsViewController.m in Sources */ = {isa = PBXBuildFile; fileRef = F4D75F4634A944C99BB8CBF6 /* GMAlbumsViewController.m */; };
		BC1C5C25C70E4E2E94205703 /* CDVWKWebViewEngine.m in Sources */ = {isa = PBXBuildFile; fileRef = 698E81D13F1C464CBDBF184E /* CDVWKWebViewEngine.m */; };
		BD05F112EDA64350B72610D8 /* CTCrop.m in Sources */ = {isa = PBXBuildFile; fileRef = C1C5625D0BFB465B8F26D5A4 /* CTCrop.m */; };
		C1295D0EA97542FEAF6B68CD /* CDVSplashScreen.m in Sources */ = {isa = PBXBuildFile; fileRef = E52DACAA3481430BBA8EE63D /* CDVSplashScreen.m */; };
		C8BF7DA1D1AE428FADCED0C8 /* Social.framework in Frameworks */ = {isa = PBXBuildFile; fileRef = B959D19BF80644A583E021AF /* Social.framework */; settings = {ATTRIBUTES = (Weak, ); }; };
		D35643426AD34C74B355F5B2 /* CDVWKWebViewUIDelegate.m in Sources */ = {isa = PBXBuildFile; fileRef = F2A72359E5B3465F88146445 /* CDVWKWebViewUIDelegate.m */; };
		D3E4D123FFEE4EF398218B4C /* GMAlbumsViewCell.m in Sources */ = {isa = PBXBuildFile; fileRef = 69FBEE10772240D4BC6278F6 /* GMAlbumsViewCell.m */; };
		D60160A465904E598012D36C /* GCDWebServerErrorResponse.m in Sources */ = {isa = PBXBuildFile; fileRef = 3D3D4430ECC14768A2CC064B /* GCDWebServerErrorResponse.m */; };
		E1A0805DA6F84AEBA3507933 /* ca.lproj in Resources */ = {isa = PBXBuildFile; fileRef = DF563048EF504B5AA2709B52 /* ca.lproj */; };
		E301255F647746E68B2D4D3A /* GCDWebServerFileRequest.m in Sources */ = {isa = PBXBuildFile; fileRef = 2AE4201B12274BE69D5C7E82 /* GCDWebServerFileRequest.m */; };
		E68ECD3DA9D442B7B4BB78F8 /* GMFetchItem.m in Sources */ = {isa = PBXBuildFile; fileRef = A74BD10EEF844CCE9F1D6BB1 /* GMFetchItem.m */; };
		F2DEBAF0DDFE499DB1E0FFF2 /* GMVideoIcon.png in Resources */ = {isa = PBXBuildFile; fileRef = 485E57BC3CA54772BBE6BEC5 /* GMVideoIcon.png */; };
		F810041D90F44115B0F1A836 /* de.lproj in Resources */ = {isa = PBXBuildFile; fileRef = 80EC5E4392B6468384512A87 /* de.lproj */; };
		FA1CA7D72053499796C543E4 /* GMVideoIcon@2x.png in Resources */ = {isa = PBXBuildFile; fileRef = 96602ADA300E45C9BE018DCC /* GMVideoIcon@2x.png */; };
		FA704DEBCD124AA2B815D741 /* libz.tbd in Frameworks */ = {isa = PBXBuildFile; fileRef = 5D7B0FFC010945F798990A92 /* libz.tbd */; };
		FB9259D132824299AAD7A27F /* GCDWebServerMultiPartFormRequest.m in Sources */ = {isa = PBXBuildFile; fileRef = 92E61DBC195544839D3BEB46 /* GCDWebServerMultiPartFormRequest.m */; };
		FEE4B998BA6C41F59D9A5D65 /* GCDWebServerDataResponse.m in Sources */ = {isa = PBXBuildFile; fileRef = 672B27E5CF824833AD3A9461 /* GCDWebServerDataResponse.m */; };
/* End PBXBuildFile section */

/* Begin PBXContainerItemProxy section */
		301BF534109A57CC0062928A /* PBXContainerItemProxy */ = {
			isa = PBXContainerItemProxy;
			containerPortal = 301BF52D109A57CC0062928A /* CordovaLib/CordovaLib.xcodeproj */;
			proxyType = 2;
			remoteGlobalIDString = D2AAC07E0554694100DB518D;
			remoteInfo = CordovaLib;
		};
		301BF550109A68C00062928A /* PBXContainerItemProxy */ = {
			isa = PBXContainerItemProxy;
			containerPortal = 301BF52D109A57CC0062928A /* CordovaLib/CordovaLib.xcodeproj */;
			proxyType = 1;
			remoteGlobalIDString = D2AAC07D0554694100DB518D;
			remoteInfo = CordovaLib;
		};
		A677E49A219F51B500954B4F /* PBXContainerItemProxy */ = {
			isa = PBXContainerItemProxy;
			containerPortal = 301BF52D109A57CC0062928A /* CordovaLib/CordovaLib.xcodeproj */;
			proxyType = 2;
			remoteGlobalIDString = C0C01EB21E3911D50056E6CB;
			remoteInfo = Cordova;
		};
/* End PBXContainerItemProxy section */

/* Begin PBXFileReference section */
		0089F7838DD94CF1BE91874A /* GMGridViewController.h */ = {isa = PBXFileReference; explicitFileType = undefined; fileEncoding = 4; includeInIndex = 0; lastKnownFileType = sourcecode.c.h; name = GMGridViewController.h; path = "cordova-plugin-telerik-imagepicker/GMGridViewController.h"; sourceTree = "<group>"; };
		0112A70AA727426BA1DA9977 /* PECropView.m */ = {isa = PBXFileReference; explicitFileType = undefined; fileEncoding = 4; includeInIndex = 0; lastKnownFileType = sourcecode.c.objc; name = PECropView.m; path = "cordova-plugin-crop/PECropView.m"; sourceTree = "<group>"; };
		0207DA571B56EA530066E2B4 /* Images.xcassets */ = {isa = PBXFileReference; lastKnownFileType = folder.assetcatalog; name = Images.xcassets; path = MyApp/Images.xcassets; sourceTree = SOURCE_ROOT; };
		03A831C84213456787768C03 /* Accelerate.framework */ = {isa = PBXFileReference; explicitFileType = undefined; fileEncoding = 9; includeInIndex = 0; lastKnownFileType = wrapper.framework; name = Accelerate.framework; path = System/Library/Frameworks/Accelerate.framework; sourceTree = SDKROOT; };
		04C6C6F3E6D94CB287F90BBC /* GCDWebServerRequest.m */ = {isa = PBXFileReference; explicitFileType = undefined; fileEncoding = 4; includeInIndex = 0; lastKnownFileType = sourcecode.c.objc; name = GCDWebServerRequest.m; path = "cordova-plugin-ionic-webview/GCDWebServerRequest.m"; sourceTree = "<group>"; };
		07BCEB5584984553A1172215 /* GCDWebServer.m */ = {isa = PBXFileReference; explicitFileType = undefined; fileEncoding = 4; includeInIndex = 0; lastKnownFileType = sourcecode.c.objc; name = GCDWebServer.m; path = "cordova-plugin-ionic-webview/GCDWebServer.m"; sourceTree = "<group>"; };
		0E94A25D218D41F9B5B1930B /* GCDWebServerFunctions.h */ = {isa = PBXFileReference; explicitFileType = undefined; fileEncoding = 4; includeInIndex = 0; lastKnownFileType = sourcecode.c.h; name = GCDWebServerFunctions.h; path = "cordova-plugin-ionic-webview/GCDWebServerFunctions.h"; sourceTree = "<group>"; };
		0FC0A6078B434D388F3ED45A /* it.lproj */ = {isa = PBXFileReference; explicitFileType = undefined; fileEncoding = 9; includeInIndex = 0; lastKnownFileType = unknown; path = it.lproj; sourceTree = "<group>"; };
		1074FAA5B7CF47AB96FAD33E /* GCDWebServerMultiPartFormRequest.h */ = {isa = PBXFileReference; explicitFileType = undefined; fileEncoding = 4; includeInIndex = 0; lastKnownFileType = sourcecode.c.h; name = GCDWebServerMultiPartFormRequest.h; path = "cordova-plugin-ionic-webview/GCDWebServerMultiPartFormRequest.h"; sourceTree = "<group>"; };
		12D68065F0934142884A2217 /* CDVIonicKeyboard.m */ = {isa = PBXFileReference; explicitFileType = undefined; fileEncoding = 4; includeInIndex = 0; lastKnownFileType = sourcecode.c.objc; name = CDVIonicKeyboard.m; path = "cordova-plugin-ionic-keyboard/CDVIonicKeyboard.m"; sourceTree = "<group>"; };
		1347634C65FB4B3186B3DE30 /* GMGridViewCell.m */ = {isa = PBXFileReference; explicitFileType = undefined; fileEncoding = 4; includeInIndex = 0; lastKnownFileType = sourcecode.c.objc; name = GMGridViewCell.m; path = "cordova-plugin-telerik-imagepicker/GMGridViewCell.m"; sourceTree = "<group>"; };
		16022FDCFA9B4F1B8F7B6C6B /* Photos.framework */ = {isa = PBXFileReference; explicitFileType = undefined; fileEncoding = 9; includeInIndex = 0; lastKnownFileType = wrapper.framework; name = Photos.framework; path = System/Library/Frameworks/Photos.framework; sourceTree = SDKROOT; };
		16E64B7B4593456A96F3FD24 /* PECropView.h */ = {isa = PBXFileReference; explicitFileType = undefined; fileEncoding = 4; includeInIndex = 0; lastKnownFileType = sourcecode.c.h; name = PECropView.h; path = "cordova-plugin-crop/PECropView.h"; sourceTree = "<group>"; };
		17891BB4A4EF4142B35317C6 /* CDVDevice.m */ = {isa = PBXFileReference; explicitFileType = undefined; fileEncoding = 4; includeInIndex = 0; lastKnownFileType = sourcecode.c.objc; name = CDVDevice.m; path = "cordova-plugin-device/CDVDevice.m"; sourceTree = "<group>"; };
		1D3623240D0F684500981E51 /* AppDelegate.h */ = {isa = PBXFileReference; fileEncoding = 4; lastKnownFileType = sourcecode.c.h; path = AppDelegate.h; sourceTree = "<group>"; };
		1D3623250D0F684500981E51 /* AppDelegate.m */ = {isa = PBXFileReference; fileEncoding = 4; lastKnownFileType = sourcecode.c.objc; path = AppDelegate.m; sourceTree = "<group>"; };
		1D6058910D05DD3D006BFB54 /* MyApp.app */ = {isa = PBXFileReference; explicitFileType = wrapper.application; includeInIndex = 0; path = MyApp.app; sourceTree = BUILT_PRODUCTS_DIR; };
		1FB99E27EB8C4297A50F6D2B /* CDVCamera.h */ = {isa = PBXFileReference; explicitFileType = undefined; fileEncoding = 4; includeInIndex = 0; lastKnownFileType = sourcecode.c.h; name = CDVCamera.h; path = "cordova-plugin-camera/CDVCamera.h"; sourceTree = "<group>"; };
		20C5CF3A30BE4F89A52592E6 /* CDVViewController+SplashScreen.m */ = {isa = PBXFileReference; explicitFileType = undefined; fileEncoding = 4; includeInIndex = 0; lastKnownFileType = sourcecode.c.objc; name = "CDVViewController+SplashScreen.m"; path = "cordova-plugin-splashscreen/CDVViewController+SplashScreen.m"; sourceTree = "<group>"; };
		22234C2BB4A5422288FFD077 /* CDVJpegHeaderWriter.h */ = {isa = PBXFileReference; explicitFileType = undefined; fileEncoding = 4; includeInIndex = 0; lastKnownFileType = sourcecode.c.h; name = CDVJpegHeaderWriter.h; path = "cordova-plugin-camera/CDVJpegHeaderWriter.h"; sourceTree = "<group>"; };
		22C1716E1DC144AD926C395C /* PEResizeControl.m */ = {isa = PBXFileReference; explicitFileType = undefined; fileEncoding = 4; includeInIndex = 0; lastKnownFileType = sourcecode.c.objc; name = PEResizeControl.m; path = "cordova-plugin-crop/PEResizeControl.m"; sourceTree = "<group>"; };
		233A9A9DCC1A49F799B7253F /* UIImage+CropScaleOrientation.m */ = {isa = PBXFileReference; explicitFileType = undefined; fileEncoding = 4; includeInIndex = 0; lastKnownFileType = sourcecode.c.objc; name = "UIImage+CropScaleOrientation.m"; path = "cordova-plugin-camera/UIImage+CropScaleOrientation.m"; sourceTree = "<group>"; };
		28BD74054D784211967ABE0A /* PSYBlockTimer.h */ = {isa = PBXFileReference; explicitFileType = undefined; fileEncoding = 4; includeInIndex = 0; lastKnownFileType = sourcecode.c.h; name = PSYBlockTimer.h; path = "cordova-plugin-telerik-imagepicker/PSYBlockTimer.h"; sourceTree = "<group>"; };
		29B97316FDCFA39411CA2CEA /* main.m */ = {isa = PBXFileReference; fileEncoding = 4; lastKnownFileType = sourcecode.c.objc; path = main.m; sourceTree = "<group>"; };
		2A4598AA06E640EDB6D82C75 /* GCDWebServerResponse.m */ = {isa = PBXFileReference; explicitFileType = undefined; fileEncoding = 4; includeInIndex = 0; lastKnownFileType = sourcecode.c.objc; name = GCDWebServerResponse.m; path = "cordova-plugin-ionic-webview/GCDWebServerResponse.m"; sourceTree = "<group>"; };
		2AE4201B12274BE69D5C7E82 /* GCDWebServerFileRequest.m */ = {isa = PBXFileReference; explicitFileType = undefined; fileEncoding = 4; includeInIndex = 0; lastKnownFileType = sourcecode.c.objc; name = GCDWebServerFileRequest.m; path = "cordova-plugin-ionic-webview/GCDWebServerFileRequest.m"; sourceTree = "<group>"; };
		2B0764FE8C5B4514954B855F /* GMSelected@2x.png */ = {isa = PBXFileReference; explicitFileType = undefined; fileEncoding = 9; includeInIndex = 0; lastKnownFileType = unknown; path = "GMSelected@2x.png"; sourceTree = "<group>"; };
		2F5576DD43C744BABA600783 /* GCDWebServer.h */ = {isa = PBXFileReference; explicitFileType = undefined; fileEncoding = 4; includeInIndex = 0; lastKnownFileType = sourcecode.c.h; name = GCDWebServer.h; path = "cordova-plugin-ionic-webview/GCDWebServer.h"; sourceTree = "<group>"; };
		301BF52D109A57CC0062928A /* CordovaLib/CordovaLib.xcodeproj */ = {isa = PBXFileReference; lastKnownFileType = "wrapper.pb-project"; path = CordovaLib/CordovaLib.xcodeproj; sourceTree = "<group>"; };
		301BF56E109A69640062928A /* www */ = {isa = PBXFileReference; lastKnownFileType = folder; path = www; sourceTree = SOURCE_ROOT; };
		302D95EE14D2391D003F00A1 /* MainViewController.h */ = {isa = PBXFileReference; fileEncoding = 4; lastKnownFileType = sourcecode.c.h; path = MainViewController.h; sourceTree = "<group>"; };
		302D95EF14D2391D003F00A1 /* MainViewController.m */ = {isa = PBXFileReference; fileEncoding = 4; lastKnownFileType = sourcecode.c.objc; path = MainViewController.m; sourceTree = "<group>"; };
		302D95F014D2391D003F00A1 /* MainViewController.xib */ = {isa = PBXFileReference; fileEncoding = 4; lastKnownFileType = file.xib; path = MainViewController.xib; sourceTree = "<group>"; };
		3047A50F1AB8059700498E2A /* build-debug.xcconfig */ = {isa = PBXFileReference; fileEncoding = 4; lastKnownFileType = text.xcconfig; name = "build-debug.xcconfig"; path = "cordova/build-debug.xcconfig"; sourceTree = SOURCE_ROOT; };
		3047A5101AB8059700498E2A /* build-release.xcconfig */ = {isa = PBXFileReference; fileEncoding = 4; lastKnownFileType = text.xcconfig; name = "build-release.xcconfig"; path = "cordova/build-release.xcconfig"; sourceTree = SOURCE_ROOT; };
		3047A5111AB8059700498E2A /* build.xcconfig */ = {isa = PBXFileReference; fileEncoding = 4; lastKnownFileType = text.xcconfig; name = build.xcconfig; path = cordova/build.xcconfig; sourceTree = SOURCE_ROOT; };
		311DFE8E55B6423FB413011F /* PEResizeControl.h */ = {isa = PBXFileReference; explicitFileType = undefined; fileEncoding = 4; includeInIndex = 0; lastKnownFileType = sourcecode.c.h; name = PEResizeControl.h; path = "cordova-plugin-crop/PEResizeControl.h"; sourceTree = "<group>"; };
		32CA4F630368D1EE00C91783 /* MyApp-Prefix.pch */ = {isa = PBXFileReference; fileEncoding = 4; lastKnownFileType = sourcecode.c.h; path = "MyApp-Prefix.pch"; sourceTree = "<group>"; };
		346B6DC5755F4ADBAA197CC4 /* GCDWebServerFileResponse.h */ = {isa = PBXFileReference; explicitFileType = undefined; fileEncoding = 4; includeInIndex = 0; lastKnownFileType = sourcecode.c.h; name = GCDWebServerFileResponse.h; path = "cordova-plugin-ionic-webview/GCDWebServerFileResponse.h"; sourceTree = "<group>"; };
		372B87D357934451A10D01F4 /* CDVExif.h */ = {isa = PBXFileReference; explicitFileType = undefined; fileEncoding = 4; includeInIndex = 0; lastKnownFileType = sourcecode.c.h; name = CDVExif.h; path = "cordova-plugin-camera/CDVExif.h"; sourceTree = "<group>"; };
		3D3D4430ECC14768A2CC064B /* GCDWebServerErrorResponse.m */ = {isa = PBXFileReference; explicitFileType = undefined; fileEncoding = 4; includeInIndex = 0; lastKnownFileType = sourcecode.c.objc; name = GCDWebServerErrorResponse.m; path = "cordova-plugin-ionic-webview/GCDWebServerErrorResponse.m"; sourceTree = "<group>"; };
		434010C5626442DE983C9D8B /* QuartzCore.framework */ = {isa = PBXFileReference; explicitFileType = undefined; fileEncoding = 9; includeInIndex = 0; lastKnownFileType = wrapper.framework; name = QuartzCore.framework; path = System/Library/Frameworks/QuartzCore.framework; sourceTree = SDKROOT; };
		4347CEF0BF534CCC97B9B3E5 /* PEPhotoCropEditor.bundle */ = {isa = PBXFileReference; explicitFileType = undefined; fileEncoding = 9; includeInIndex = 0; lastKnownFileType = "wrapper.plug-in"; path = PEPhotoCropEditor.bundle; sourceTree = "<group>"; };
		476F0121AFFA42599BDBF6A5 /* UIImage+CropScaleOrientation.h */ = {isa = PBXFileReference; explicitFileType = undefined; fileEncoding = 4; includeInIndex = 0; lastKnownFileType = sourcecode.c.h; name = "UIImage+CropScaleOrientation.h"; path = "cordova-plugin-camera/UIImage+CropScaleOrientation.h"; sourceTree = "<group>"; };
		47F45919465541D8A5264FE7 /* PSYBlockTimer.m */ = {isa = PBXFileReference; explicitFileType = undefined; fileEncoding = 4; includeInIndex = 0; lastKnownFileType = sourcecode.c.objc; name = PSYBlockTimer.m; path = "cordova-plugin-telerik-imagepicker/PSYBlockTimer.m"; sourceTree = "<group>"; };
		485E57BC3CA54772BBE6BEC5 /* GMVideoIcon.png */ = {isa = PBXFileReference; explicitFileType = undefined; fileEncoding = 9; includeInIndex = 0; lastKnownFileType = unknown; path = GMVideoIcon.png; sourceTree = "<group>"; };
		4AF54B7C538C4DB3B48ED360 /* GCDWebServerRequest.h */ = {isa = PBXFileReference; explicitFileType = undefined; fileEncoding = 4; includeInIndex = 0; lastKnownFileType = sourcecode.c.h; name = GCDWebServerRequest.h; path = "cordova-plugin-ionic-webview/GCDWebServerRequest.h"; sourceTree = "<group>"; };
		52A71CC1EB6F4BE2A13FCACF /* GCDWebServerStreamedResponse.h */ = {isa = PBXFileReference; explicitFileType = undefined; fileEncoding = 4; includeInIndex = 0; lastKnownFileType = sourcecode.c.h; name = GCDWebServerStreamedResponse.h; path = "cordova-plugin-ionic-webview/GCDWebServerStreamedResponse.h"; sourceTree = "<group>"; };
		57C82640711E4D26AC3DECB5 /* CDVSplashScreen.h */ = {isa = PBXFileReference; explicitFileType = undefined; fileEncoding = 4; includeInIndex = 0; lastKnownFileType = sourcecode.c.h; name = CDVSplashScreen.h; path = "cordova-plugin-splashscreen/CDVSplashScreen.h"; sourceTree = "<group>"; };
		57E8A9C687A0425394200883 /* SystemConfiguration.framework */ = {isa = PBXFileReference; explicitFileType = undefined; fileEncoding = 9; includeInIndex = 0; lastKnownFileType = wrapper.framework; name = SystemConfiguration.framework; path = System/Library/Frameworks/SystemConfiguration.framework; sourceTree = SDKROOT; };
		5AC917AF4569476081AB6054 /* CTCrop.h */ = {isa = PBXFileReference; explicitFileType = undefined; fileEncoding = 4; includeInIndex = 0; lastKnownFileType = sourcecode.c.h; name = CTCrop.h; path = "cordova-plugin-crop/CTCrop.h"; sourceTree = "<group>"; };
		5B120C7262214BAC86465E4C /* CoreLocation.framework */ = {isa = PBXFileReference; explicitFileType = undefined; fileEncoding = 9; includeInIndex = 0; lastKnownFileType = wrapper.framework; name = CoreLocation.framework; path = System/Library/Frameworks/CoreLocation.framework; sourceTree = SDKROOT; };
		5BE7CFE2FDAD4D148C49E64D /* fr.lproj */ = {isa = PBXFileReference; explicitFileType = undefined; fileEncoding = 9; includeInIndex = 0; lastKnownFileType = unknown; path = fr.lproj; sourceTree = "<group>"; };
		5C2022C3BA3B44C9A1146095 /* CDVWKWebViewUIDelegate.h */ = {isa = PBXFileReference; explicitFileType = undefined; fileEncoding = 4; includeInIndex = 0; lastKnownFileType = sourcecode.c.h; name = CDVWKWebViewUIDelegate.h; path = "cordova-plugin-ionic-webview/CDVWKWebViewUIDelegate.h"; sourceTree = "<group>"; };
		5D7B0FFC010945F798990A92 /* libz.tbd */ = {isa = PBXFileReference; explicitFileType = undefined; fileEncoding = 9; includeInIndex = 0; lastKnownFileType = "sourcecode.text-based-dylib-definition"; name = libz.tbd; path = usr/lib/libz.tbd; sourceTree = SDKROOT; };
		5E9845C17DBD4F4E806A3FE6 /* GCDWebServerDataRequest.m */ = {isa = PBXFileReference; explicitFileType = undefined; fileEncoding = 4; includeInIndex = 0; lastKnownFileType = sourcecode.c.objc; name = GCDWebServerDataRequest.m; path = "cordova-plugin-ionic-webview/GCDWebServerDataRequest.m"; sourceTree = "<group>"; };
		60D0B1E20D8740B5BD3FB65F /* PECropViewController.m */ = {isa = PBXFileReference; explicitFileType = undefined; fileEncoding = 4; includeInIndex = 0; lastKnownFileType = sourcecode.c.objc; name = PECropViewController.m; path = "cordova-plugin-crop/PECropViewController.m"; sourceTree = "<group>"; };
		614AE05FD46B4E6E93AAE9DA /* GCDWebServerResponse.h */ = {isa = PBXFileReference; explicitFileType = undefined; fileEncoding = 4; includeInIndex = 0; lastKnownFileType = sourcecode.c.h; name = GCDWebServerResponse.h; path = "cordova-plugin-ionic-webview/GCDWebServerResponse.h"; sourceTree = "<group>"; };
		64900949408A45D68C923911 /* GMSelected.png */ = {isa = PBXFileReference; explicitFileType = undefined; fileEncoding = 9; includeInIndex = 0; lastKnownFileType = unknown; path = GMSelected.png; sourceTree = "<group>"; };
		654671FF8EE64DA49C33F550 /* MessageUI.framework */ = {isa = PBXFileReference; explicitFileType = undefined; fileEncoding = 9; includeInIndex = 0; lastKnownFileType = wrapper.framework; name = MessageUI.framework; path = System/Library/Frameworks/MessageUI.framework; sourceTree = SDKROOT; };
		66F991CB7F564E149BAD7899 /* WebKit.framework */ = {isa = PBXFileReference; explicitFileType = undefined; fileEncoding = 9; includeInIndex = 0; lastKnownFileType = wrapper.framework; name = WebKit.framework; path = System/Library/Frameworks/WebKit.framework; sourceTree = SDKROOT; };
		672B27E5CF824833AD3A9461 /* GCDWebServerDataResponse.m */ = {isa = PBXFileReference; explicitFileType = undefined; fileEncoding = 4; includeInIndex = 0; lastKnownFileType = sourcecode.c.objc; name = GCDWebServerDataResponse.m; path = "cordova-plugin-ionic-webview/GCDWebServerDataResponse.m"; sourceTree = "<group>"; };
		698E81D13F1C464CBDBF184E /* CDVWKWebViewEngine.m */ = {isa = PBXFileReference; explicitFileType = undefined; fileEncoding = 4; includeInIndex = 0; lastKnownFileType = sourcecode.c.objc; name = CDVWKWebViewEngine.m; path = "cordova-plugin-ionic-webview/CDVWKWebViewEngine.m"; sourceTree = "<group>"; };
		69FBEE10772240D4BC6278F6 /* GMAlbumsViewCell.m */ = {isa = PBXFileReference; explicitFileType = undefined; fileEncoding = 4; includeInIndex = 0; lastKnownFileType = sourcecode.c.objc; name = GMAlbumsViewCell.m; path = "cordova-plugin-telerik-imagepicker/GMAlbumsViewCell.m"; sourceTree = "<group>"; };
		6AFF5BF81D6E424B00AB3073 /* CDVLaunchScreen.storyboard */ = {isa = PBXFileReference; fileEncoding = 4; lastKnownFileType = file.storyboard; name = CDVLaunchScreen.storyboard; path = MyApp/CDVLaunchScreen.storyboard; sourceTree = SOURCE_ROOT; };
		6B337103F88B40468EB62853 /* GCDWebServerDataResponse.h */ = {isa = PBXFileReference; explicitFileType = undefined; fileEncoding = 4; includeInIndex = 0; lastKnownFileType = sourcecode.c.h; name = GCDWebServerDataResponse.h; path = "cordova-plugin-ionic-webview/GCDWebServerDataResponse.h"; sourceTree = "<group>"; };
		6CC629215C0644A4B31801A2 /* CDVCamera.m */ = {isa = PBXFileReference; explicitFileType = undefined; fileEncoding = 4; includeInIndex = 0; lastKnownFileType = sourcecode.c.objc; name = CDVCamera.m; path = "cordova-plugin-camera/CDVCamera.m"; sourceTree = "<group>"; };
		70FA38229ECB4EA69D71E4A8 /* GCDWebServerFileResponse.m */ = {isa = PBXFileReference; explicitFileType = undefined; fileEncoding = 4; includeInIndex = 0; lastKnownFileType = sourcecode.c.objc; name = GCDWebServerFileResponse.m; path = "cordova-plugin-ionic-webview/GCDWebServerFileResponse.m"; sourceTree = "<group>"; };
		78903E19C0134EC48469E1A6 /* GCDWebServerURLEncodedFormRequest.h */ = {isa = PBXFileReference; explicitFileType = undefined; fileEncoding = 4; includeInIndex = 0; lastKnownFileType = sourcecode.c.h; name = GCDWebServerURLEncodedFormRequest.h; path = "cordova-plugin-ionic-webview/GCDWebServerURLEncodedFormRequest.h"; sourceTree = "<group>"; };
		7895F88B3C1640B8BA863A88 /* PECropRectView.h */ = {isa = PBXFileReference; explicitFileType = undefined; fileEncoding = 4; includeInIndex = 0; lastKnownFileType = sourcecode.c.h; name = PECropRectView.h; path = "cordova-plugin-crop/PECropRectView.h"; sourceTree = "<group>"; };
		7AA3293971154025B6F0B53D /* GMGridViewCell.h */ = {isa = PBXFileReference; explicitFileType = undefined; fileEncoding = 4; includeInIndex = 0; lastKnownFileType = sourcecode.c.h; name = GMGridViewCell.h; path = "cordova-plugin-telerik-imagepicker/GMGridViewCell.h"; sourceTree = "<group>"; };
		7B965C9E5DAA4DCBAFA76893 /* GMAlbumsViewCell.h */ = {isa = PBXFileReference; explicitFileType = undefined; fileEncoding = 4; includeInIndex = 0; lastKnownFileType = sourcecode.c.h; name = GMAlbumsViewCell.h; path = "cordova-plugin-telerik-imagepicker/GMAlbumsViewCell.h"; sourceTree = "<group>"; };
		80EC5E4392B6468384512A87 /* de.lproj */ = {isa = PBXFileReference; explicitFileType = undefined; fileEncoding = 9; includeInIndex = 0; lastKnownFileType = unknown; path = de.lproj; sourceTree = "<group>"; };
		82D867A6AEC24A3EAF2C5301 /* GCDWebServerConnection.m */ = {isa = PBXFileReference; explicitFileType = undefined; fileEncoding = 4; includeInIndex = 0; lastKnownFileType = sourcecode.c.objc; name = GCDWebServerConnection.m; path = "cordova-plugin-ionic-webview/GCDWebServerConnection.m"; sourceTree = "<group>"; };
		89B821099A6C4D8A829E78F0 /* ImageIO.framework */ = {isa = PBXFileReference; explicitFileType = undefined; fileEncoding = 9; includeInIndex = 0; lastKnownFileType = wrapper.framework; name = ImageIO.framework; path = System/Library/Frameworks/ImageIO.framework; sourceTree = SDKROOT; };
		8C2400CECB7047ECB89491A9 /* PECropViewController.h */ = {isa = PBXFileReference; explicitFileType = undefined; fileEncoding = 4; includeInIndex = 0; lastKnownFileType = sourcecode.c.h; name = PECropViewController.h; path = "cordova-plugin-crop/PECropViewController.h"; sourceTree = "<group>"; };
		8D1107310486CEB800E47090 /* MyApp-Info.plist */ = {isa = PBXFileReference; fileEncoding = 4; lastKnownFileType = text.plist.xml; name = "MyApp-Info.plist"; path = "MyApp/MyApp-Info.plist"; plistStructureDefinitionIdentifier = "com.apple.xcode.plist.structure-definition.iphone.info-plist"; sourceTree = SOURCE_ROOT; };
		92E61DBC195544839D3BEB46 /* GCDWebServerMultiPartFormRequest.m */ = {isa = PBXFileReference; explicitFileType = undefined; fileEncoding = 4; includeInIndex = 0; lastKnownFileType = sourcecode.c.objc; name = GCDWebServerMultiPartFormRequest.m; path = "cordova-plugin-ionic-webview/GCDWebServerMultiPartFormRequest.m"; sourceTree = "<group>"; };
		93630792FBC14C36A4C370AA /* AVFoundation.framework */ = {isa = PBXFileReference; explicitFileType = undefined; fileEncoding = 9; includeInIndex = 0; lastKnownFileType = wrapper.framework; name = AVFoundation.framework; path = System/Library/Frameworks/AVFoundation.framework; sourceTree = SDKROOT; };
		96602ADA300E45C9BE018DCC /* GMVideoIcon@2x.png */ = {isa = PBXFileReference; explicitFileType = undefined; fileEncoding = 9; includeInIndex = 0; lastKnownFileType = unknown; path = "GMVideoIcon@2x.png"; sourceTree = "<group>"; };
		98FC18B9AADF430EB3FC2617 /* pl.lproj */ = {isa = PBXFileReference; explicitFileType = undefined; fileEncoding = 9; includeInIndex = 0; lastKnownFileType = unknown; path = pl.lproj; sourceTree = "<group>"; };
		9C58250037424CAB9F254D0F /* SOSPicker.m */ = {isa = PBXFileReference; explicitFileType = undefined; fileEncoding = 4; includeInIndex = 0; lastKnownFileType = sourcecode.c.objc; name = SOSPicker.m; path = "cordova-plugin-telerik-imagepicker/SOSPicker.m"; sourceTree = "<group>"; };
		A4C197BBE48343C4AA68BF70 /* CDVStatusBar.h */ = {isa = PBXFileReference; explicitFileType = undefined; fileEncoding = 4; includeInIndex = 0; lastKnownFileType = sourcecode.c.h; name = CDVStatusBar.h; path = "cordova-plugin-statusbar/CDVStatusBar.h"; sourceTree = "<group>"; };
		A74BD10EEF844CCE9F1D6BB1 /* GMFetchItem.m */ = {isa = PBXFileReference; explicitFileType = undefined; fileEncoding = 4; includeInIndex = 0; lastKnownFileType = sourcecode.c.objc; name = GMFetchItem.m; path = "cordova-plugin-telerik-imagepicker/GMFetchItem.m"; sourceTree = "<group>"; };
		AA27A89DDFD64FA28222A170 /* GCDWebServerErrorResponse.h */ = {isa = PBXFileReference; explicitFileType = undefined; fileEncoding = 4; includeInIndex = 0; lastKnownFileType = sourcecode.c.h; name = GCDWebServerErrorResponse.h; path = "cordova-plugin-ionic-webview/GCDWebServerErrorResponse.h"; sourceTree = "<group>"; };
		AA74972DF7984D9A86F5F8B7 /* GCDWebServerFunctions.m */ = {isa = PBXFileReference; explicitFileType = undefined; fileEncoding = 4; includeInIndex = 0; lastKnownFileType = sourcecode.c.objc; name = GCDWebServerFunctions.m; path = "cordova-plugin-ionic-webview/GCDWebServerFunctions.m"; sourceTree = "<group>"; };
		AFC534F6AD3D4025B4ED15A0 /* SocialSharing.m */ = {isa = PBXFileReference; explicitFileType = undefined; fileEncoding = 4; includeInIndex = 0; lastKnownFileType = sourcecode.c.objc; name = SocialSharing.m; path = "cordova-plugin-x-socialsharing/SocialSharing.m"; sourceTree = "<group>"; };
		B048B68A60C7431EB00E4A68 /* es.lproj */ = {isa = PBXFileReference; explicitFileType = undefined; fileEncoding = 9; includeInIndex = 0; lastKnownFileType = unknown; path = es.lproj; sourceTree = "<group>"; };
		B2ABF4AAD25149A7AF1AF3F8 /* GMImagePickerController.h */ = {isa = PBXFileReference; explicitFileType = undefined; fileEncoding = 4; includeInIndex = 0; lastKnownFileType = sourcecode.c.h; name = GMImagePickerController.h; path = "cordova-plugin-telerik-imagepicker/GMImagePickerController.h"; sourceTree = "<group>"; };
		B3D399D456144E798B180B20 /* GMAlbumsViewController.h */ = {isa = PBXFileReference; explicitFileType = undefined; fileEncoding = 4; includeInIndex = 0; lastKnownFileType = sourcecode.c.h; name = GMAlbumsViewController.h; path = "cordova-plugin-telerik-imagepicker/GMAlbumsViewController.h"; sourceTree = "<group>"; };
		B496A69AFBBD49CAAB053493 /* CDVDevice.h */ = {isa = PBXFileReference; explicitFileType = undefined; fileEncoding = 4; includeInIndex = 0; lastKnownFileType = sourcecode.c.h; name = CDVDevice.h; path = "cordova-plugin-device/CDVDevice.h"; sourceTree = "<group>"; };
		B590070A00004B8C84056D34 /* GMGridViewController.m */ = {isa = PBXFileReference; explicitFileType = undefined; fileEncoding = 4; includeInIndex = 0; lastKnownFileType = sourcecode.c.objc; name = GMGridViewController.m; path = "cordova-plugin-telerik-imagepicker/GMGridViewController.m"; sourceTree = "<group>"; };
		B7F1A828FD16421083C0177C /* CDVStatusBar.m */ = {isa = PBXFileReference; explicitFileType = undefined; fileEncoding = 4; includeInIndex = 0; lastKnownFileType = sourcecode.c.objc; name = CDVStatusBar.m; path = "cordova-plugin-statusbar/CDVStatusBar.m"; sourceTree = "<group>"; };
		B959D19BF80644A583E021AF /* Social.framework */ = {isa = PBXFileReference; explicitFileType = undefined; fileEncoding = 9; includeInIndex = 0; lastKnownFileType = wrapper.framework; name = Social.framework; path = System/Library/Frameworks/Social.framework; sourceTree = SDKROOT; };
		B9A861843AC8400CAFC144C1 /* GMImagePickerController.m */ = {isa = PBXFileReference; explicitFileType = undefined; fileEncoding = 4; includeInIndex = 0; lastKnownFileType = sourcecode.c.objc; name = GMImagePickerController.m; path = "cordova-plugin-telerik-imagepicker/GMImagePickerController.m"; sourceTree = "<group>"; };
		B9BA1D4FF00A4B428B96AB3A /* PECropRectView.m */ = {isa = PBXFileReference; explicitFileType = undefined; fileEncoding = 4; includeInIndex = 0; lastKnownFileType = sourcecode.c.objc; name = PECropRectView.m; path = "cordova-plugin-crop/PECropRectView.m"; sourceTree = "<group>"; };
		BB5E8B4F36F649989F407DA0 /* en.lproj */ = {isa = PBXFileReference; explicitFileType = undefined; fileEncoding = 9; includeInIndex = 0; lastKnownFileType = unknown; path = en.lproj; sourceTree = "<group>"; };
		BBAD70446A6A45AAAD664CE9 /* GCDWebServerURLEncodedFormRequest.m */ = {isa = PBXFileReference; explicitFileType = undefined; fileEncoding = 4; includeInIndex = 0; lastKnownFileType = sourcecode.c.objc; name = GCDWebServerURLEncodedFormRequest.m; path = "cordova-plugin-ionic-webview/GCDWebServerURLEncodedFormRequest.m"; sourceTree = "<group>"; };
		BF9077735B204E248C2C2A1E /* CDVIonicKeyboard.h */ = {isa = PBXFileReference; explicitFileType = undefined; fileEncoding = 4; includeInIndex = 0; lastKnownFileType = sourcecode.c.h; name = CDVIonicKeyboard.h; path = "cordova-plugin-ionic-keyboard/CDVIonicKeyboard.h"; sourceTree = "<group>"; };
		C07596B4F6BB487187798E02 /* CDVJpegHeaderWriter.m */ = {isa = PBXFileReference; explicitFileType = undefined; fileEncoding = 4; includeInIndex = 0; lastKnownFileType = sourcecode.c.objc; name = CDVJpegHeaderWriter.m; path = "cordova-plugin-camera/CDVJpegHeaderWriter.m"; sourceTree = "<group>"; };
		C1C5625D0BFB465B8F26D5A4 /* CTCrop.m */ = {isa = PBXFileReference; explicitFileType = undefined; fileEncoding = 4; includeInIndex = 0; lastKnownFileType = sourcecode.c.objc; name = CTCrop.m; path = "cordova-plugin-crop/CTCrop.m"; sourceTree = "<group>"; };
		C447D47E93F3452881B7D172 /* UIImage+PECrop.m */ = {isa = PBXFileReference; explicitFileType = undefined; fileEncoding = 4; includeInIndex = 0; lastKnownFileType = sourcecode.c.objc; name = "UIImage+PECrop.m"; path = "cordova-plugin-crop/UIImage+PECrop.m"; sourceTree = "<group>"; };
		C4A706636EBF4F23A02CE2AB /* GCDWebServerPrivate.h */ = {isa = PBXFileReference; explicitFileType = undefined; fileEncoding = 4; includeInIndex = 0; lastKnownFileType = sourcecode.c.h; name = GCDWebServerPrivate.h; path = "cordova-plugin-ionic-webview/GCDWebServerPrivate.h"; sourceTree = "<group>"; };
		C501A15FEB174EFB8DB4BB69 /* SocialSharing.h */ = {isa = PBXFileReference; explicitFileType = undefined; fileEncoding = 4; includeInIndex = 0; lastKnownFileType = sourcecode.c.h; name = SocialSharing.h; path = "cordova-plugin-x-socialsharing/SocialSharing.h"; sourceTree = "<group>"; };
		C64EF818FB19467A8CEA7F3C /* CDVWKProcessPoolFactory.h */ = {isa = PBXFileReference; explicitFileType = undefined; fileEncoding = 4; includeInIndex = 0; lastKnownFileType = sourcecode.c.h; name = CDVWKProcessPoolFactory.h; path = "cordova-plugin-ionic-webview/CDVWKProcessPoolFactory.h"; sourceTree = "<group>"; };
		C7FBE93701544B42ACECDE36 /* zh-Hans.lproj */ = {isa = PBXFileReference; explicitFileType = undefined; fileEncoding = 9; includeInIndex = 0; lastKnownFileType = unknown; path = "zh-Hans.lproj"; sourceTree = "<group>"; };
		C981D18C94AD40F59B4E76CD /* GCDWebServerFileRequest.h */ = {isa = PBXFileReference; explicitFileType = undefined; fileEncoding = 4; includeInIndex = 0; lastKnownFileType = sourcecode.c.h; name = GCDWebServerFileRequest.h; path = "cordova-plugin-ionic-webview/GCDWebServerFileRequest.h"; sourceTree = "<group>"; };
		CB7FEA57615B423FBEF3B7F8 /* Security.framework */ = {isa = PBXFileReference; explicitFileType = undefined; fileEncoding = 9; includeInIndex = 0; lastKnownFileType = wrapper.framework; name = Security.framework; path = System/Library/Frameworks/Security.framework; sourceTree = SDKROOT; };
		CE4ABDDE0DAC47BFB11ED34D /* GCDWebServerStreamedResponse.m */ = {isa = PBXFileReference; explicitFileType = undefined; fileEncoding = 4; includeInIndex = 0; lastKnownFileType = sourcecode.c.objc; name = GCDWebServerStreamedResponse.m; path = "cordova-plugin-ionic-webview/GCDWebServerStreamedResponse.m"; sourceTree = "<group>"; };
		CF7FA4E21BD1453289D2ECDC /* GMEmptyFolder@1x.png */ = {isa = PBXFileReference; explicitFileType = undefined; fileEncoding = 9; includeInIndex = 0; lastKnownFileType = unknown; path = "GMEmptyFolder@1x.png"; sourceTree = "<group>"; };
		D011D058C4D94AD18CBFF774 /* GMPHAsset.m */ = {isa = PBXFileReference; explicitFileType = undefined; fileEncoding = 4; includeInIndex = 0; lastKnownFileType = sourcecode.c.objc; name = GMPHAsset.m; path = "cordova-plugin-telerik-imagepicker/GMPHAsset.m"; sourceTree = "<group>"; };
		D1BDC54208CA48FF87286D03 /* GMEmptyFolder@2x.png */ = {isa = PBXFileReference; explicitFileType = undefined; fileEncoding = 9; includeInIndex = 0; lastKnownFileType = unknown; path = "GMEmptyFolder@2x.png"; sourceTree = "<group>"; };
		D44B1513ADF04787A7289EBA /* UIImage+fixOrientation.m */ = {isa = PBXFileReference; explicitFileType = undefined; fileEncoding = 4; includeInIndex = 0; lastKnownFileType = sourcecode.c.objc; name = "UIImage+fixOrientation.m"; path = "cordova-plugin-telerik-imagepicker/UIImage+fixOrientation.m"; sourceTree = "<group>"; };
		D57DD038C51C4DBC87089D30 /* CDVWKWebViewEngine.h */ = {isa = PBXFileReference; explicitFileType = undefined; fileEncoding = 4; includeInIndex = 0; lastKnownFileType = sourcecode.c.h; name = CDVWKWebViewEngine.h; path = "cordova-plugin-ionic-webview/CDVWKWebViewEngine.h"; sourceTree = "<group>"; };
		D74CC0E247DA436A9D90EF12 /* GMFetchItem.h */ = {isa = PBXFileReference; explicitFileType = undefined; fileEncoding = 4; includeInIndex = 0; lastKnownFileType = sourcecode.c.h; name = GMFetchItem.h; path = "cordova-plugin-telerik-imagepicker/GMFetchItem.h"; sourceTree = "<group>"; };
		DAA228A2258F48D28CEAB88B /* NSString+SSURLEncoding.h */ = {isa = PBXFileReference; explicitFileType = undefined; fileEncoding = 4; includeInIndex = 0; lastKnownFileType = sourcecode.c.h; name = "NSString+SSURLEncoding.h"; path = "cordova-plugin-x-socialsharing/NSString+SSURLEncoding.h"; sourceTree = "<group>"; };
		DCD879470BF64D42B54CC0FF /* pt.lproj */ = {isa = PBXFileReference; explicitFileType = undefined; fileEncoding = 9; includeInIndex = 0; lastKnownFileType = unknown; path = pt.lproj; sourceTree = "<group>"; };
		DF563048EF504B5AA2709B52 /* ca.lproj */ = {isa = PBXFileReference; explicitFileType = undefined; fileEncoding = 9; includeInIndex = 0; lastKnownFileType = unknown; path = ca.lproj; sourceTree = "<group>"; };
		E1AA98C4BFE14591B9A23FB6 /* GCDWebServerHTTPStatusCodes.h */ = {isa = PBXFileReference; explicitFileType = undefined; fileEncoding = 4; includeInIndex = 0; lastKnownFileType = sourcecode.c.h; name = GCDWebServerHTTPStatusCodes.h; path = "cordova-plugin-ionic-webview/GCDWebServerHTTPStatusCodes.h"; sourceTree = "<group>"; };
		E35497F228704B01ABF49F0A /* GCDWebServerConnection.h */ = {isa = PBXFileReference; explicitFileType = undefined; fileEncoding = 4; includeInIndex = 0; lastKnownFileType = sourcecode.c.h; name = GCDWebServerConnection.h; path = "cordova-plugin-ionic-webview/GCDWebServerConnection.h"; sourceTree = "<group>"; };
		E472262AAB4148E7BDE56F24 /* UIImage+PECrop.h */ = {isa = PBXFileReference; explicitFileType = undefined; fileEncoding = 4; includeInIndex = 0; lastKnownFileType = sourcecode.c.h; name = "UIImage+PECrop.h"; path = "cordova-plugin-crop/UIImage+PECrop.h"; sourceTree = "<group>"; };
		E52DACAA3481430BBA8EE63D /* CDVSplashScreen.m */ = {isa = PBXFileReference; explicitFileType = undefined; fileEncoding = 4; includeInIndex = 0; lastKnownFileType = sourcecode.c.objc; name = CDVSplashScreen.m; path = "cordova-plugin-splashscreen/CDVSplashScreen.m"; sourceTree = "<group>"; };
		E5C72AF710324C039B86CA5E /* NSString+SSURLEncoding.m */ = {isa = PBXFileReference; explicitFileType = undefined; fileEncoding = 4; includeInIndex = 0; lastKnownFileType = sourcecode.c.objc; name = "NSString+SSURLEncoding.m"; path = "cordova-plugin-x-socialsharing/NSString+SSURLEncoding.m"; sourceTree = "<group>"; };
		EB87FDF31871DA8E0020F90C /* www */ = {isa = PBXFileReference; lastKnownFileType = folder; name = www; path = ../../www; sourceTree = "<group>"; };
		EB87FDF41871DAF40020F90C /* config.xml */ = {isa = PBXFileReference; lastKnownFileType = text.xml; name = config.xml; path = ../../config.xml; sourceTree = "<group>"; };
		ED33DF2A687741AEAF9F8254 /* Bridging-Header.h */ = {isa = PBXFileReference; fileEncoding = 4; lastKnownFileType = sourcecode.c.h; path = "Bridging-Header.h"; sourceTree = "<group>"; };
		ED80F3C8C76A49249960352F /* SOSPicker.h */ = {isa = PBXFileReference; explicitFileType = undefined; fileEncoding = 4; includeInIndex = 0; lastKnownFileType = sourcecode.c.h; name = SOSPicker.h; path = "cordova-plugin-telerik-imagepicker/SOSPicker.h"; sourceTree = "<group>"; };
		F0047BD5E9AC41D7930C271C /* UIImage+fixOrientation.h */ = {isa = PBXFileReference; explicitFileType = undefined; fileEncoding = 4; includeInIndex = 0; lastKnownFileType = sourcecode.c.h; name = "UIImage+fixOrientation.h"; path = "cordova-plugin-telerik-imagepicker/UIImage+fixOrientation.h"; sourceTree = "<group>"; };
		F24C3A5DA70D4E43AF456754 /* GMPHAsset.h */ = {isa = PBXFileReference; explicitFileType = undefined; fileEncoding = 4; includeInIndex = 0; lastKnownFileType = sourcecode.c.h; name = GMPHAsset.h; path = "cordova-plugin-telerik-imagepicker/GMPHAsset.h"; sourceTree = "<group>"; };
		F2A72359E5B3465F88146445 /* CDVWKWebViewUIDelegate.m */ = {isa = PBXFileReference; explicitFileType = undefined; fileEncoding = 4; includeInIndex = 0; lastKnownFileType = sourcecode.c.objc; name = CDVWKWebViewUIDelegate.m; path = "cordova-plugin-ionic-webview/CDVWKWebViewUIDelegate.m"; sourceTree = "<group>"; };
		F38C0EF128C5457389647004 /* GCDWebServerDataRequest.h */ = {isa = PBXFileReference; explicitFileType = undefined; fileEncoding = 4; includeInIndex = 0; lastKnownFileType = sourcecode.c.h; name = GCDWebServerDataRequest.h; path = "cordova-plugin-ionic-webview/GCDWebServerDataRequest.h"; sourceTree = "<group>"; };
		F4D75F4634A944C99BB8CBF6 /* GMAlbumsViewController.m */ = {isa = PBXFileReference; explicitFileType = undefined; fileEncoding = 4; includeInIndex = 0; lastKnownFileType = sourcecode.c.objc; name = GMAlbumsViewController.m; path = "cordova-plugin-telerik-imagepicker/GMAlbumsViewController.m"; sourceTree = "<group>"; };
		F840E1F0165FE0F500CFE078 /* config.xml */ = {isa = PBXFileReference; lastKnownFileType = text.xml; name = config.xml; path = MyApp/config.xml; sourceTree = "<group>"; };
		FA2CBBD4454D4DC6923E54C8 /* CDVViewController+SplashScreen.h */ = {isa = PBXFileReference; explicitFileType = undefined; fileEncoding = 4; includeInIndex = 0; lastKnownFileType = sourcecode.c.h; name = "CDVViewController+SplashScreen.h"; path = "cordova-plugin-splashscreen/CDVViewController+SplashScreen.h"; sourceTree = "<group>"; };
		FB8E0A818ABE4B0792044D1E /* CDVWKProcessPoolFactory.m */ = {isa = PBXFileReference; explicitFileType = undefined; fileEncoding = 4; includeInIndex = 0; lastKnownFileType = sourcecode.c.objc; name = CDVWKProcessPoolFactory.m; path = "cordova-plugin-ionic-webview/CDVWKProcessPoolFactory.m"; sourceTree = "<group>"; };
/* End PBXFileReference section */

/* Begin PBXFrameworksBuildPhase section */
		1D60588F0D05DD3D006BFB54 /* Frameworks */ = {
			isa = PBXFrameworksBuildPhase;
			buildActionMask = 2147483647;
			files = (
				301BF552109A68D80062928A /* libCordova.a in Frameworks */,
				103653D6F1F94699A06209E4 /* ImageIO.framework in Frameworks */,
				8886E1B724544680B5C97C91 /* CoreLocation.framework in Frameworks */,
				50989CC9721641118DB1DC81 /* AVFoundation.framework in Frameworks */,
				A0FD926A8A904F1EAB92E1D9 /* QuartzCore.framework in Frameworks */,
				0746DD161DE04FF6B19322D1 /* WebKit.framework in Frameworks */,
				FA704DEBCD124AA2B815D741 /* libz.tbd in Frameworks */,
				79B1F45560574946A02B1F75 /* Accelerate.framework in Frameworks */,
				1F13D946F43342458C8A64F2 /* Security.framework in Frameworks */,
				91DB1FD3C4664B809E5D961F /* Photos.framework in Frameworks */,
				78F790E6017045C593668184 /* SystemConfiguration.framework in Frameworks */,
				C8BF7DA1D1AE428FADCED0C8 /* Social.framework in Frameworks */,
				40F8C356967647EC9988A98F /* MessageUI.framework in Frameworks */,
			);
			runOnlyForDeploymentPostprocessing = 0;
		};
/* End PBXFrameworksBuildPhase section */

/* Begin PBXGroup section */
		080E96DDFE201D6D7F000001 /* Classes */ = {
			isa = PBXGroup;
			children = (
				302D95EE14D2391D003F00A1 /* MainViewController.h */,
				302D95EF14D2391D003F00A1 /* MainViewController.m */,
				302D95F014D2391D003F00A1 /* MainViewController.xib */,
				1D3623240D0F684500981E51 /* AppDelegate.h */,
				1D3623250D0F684500981E51 /* AppDelegate.m */,
			);
			name = Classes;
			path = MyApp/Classes;
			sourceTree = SOURCE_ROOT;
		};
		19C28FACFE9D520D11CA2CBB /* Products */ = {
			isa = PBXGroup;
			children = (
				1D6058910D05DD3D006BFB54 /* MyApp.app */,
			);
			name = Products;
			sourceTree = "<group>";
		};
		29B97314FDCFA39411CA2CEA /* CustomTemplate */ = {
			isa = PBXGroup;
			children = (
				EB87FDF41871DAF40020F90C /* config.xml */,
				EB87FDF31871DA8E0020F90C /* www */,
				EB87FDF11871DA420020F90C /* Staging */,
				301BF52D109A57CC0062928A /* CordovaLib/CordovaLib.xcodeproj */,
				080E96DDFE201D6D7F000001 /* Classes */,
				307C750510C5A3420062BCA9 /* Plugins */,
				29B97315FDCFA39411CA2CEA /* Other Sources */,
				29B97317FDCFA39411CA2CEA /* Resources */,
				29B97323FDCFA39411CA2CEA /* Frameworks */,
				19C28FACFE9D520D11CA2CBB /* Products */,
			);
			name = CustomTemplate;
			sourceTree = "<group>";
		};
		29B97315FDCFA39411CA2CEA /* Other Sources */ = {
			isa = PBXGroup;
			children = (
				32CA4F630368D1EE00C91783 /* MyApp-Prefix.pch */,
				29B97316FDCFA39411CA2CEA /* main.m */,
				ED33DF2A687741AEAF9F8254 /* Bridging-Header.h */,
			);
			name = "Other Sources";
			path = MyApp;
			sourceTree = "<group>";
		};
		29B97317FDCFA39411CA2CEA /* Resources */ = {
			isa = PBXGroup;
			children = (
				0207DA571B56EA530066E2B4 /* Images.xcassets */,
				3047A50E1AB8057F00498E2A /* config */,
				8D1107310486CEB800E47090 /* MyApp-Info.plist */,
				6AFF5BF81D6E424B00AB3073 /* CDVLaunchScreen.storyboard */,
				4347CEF0BF534CCC97B9B3E5 /* PEPhotoCropEditor.bundle */,
				CF7FA4E21BD1453289D2ECDC /* GMEmptyFolder@1x.png */,
				D1BDC54208CA48FF87286D03 /* GMEmptyFolder@2x.png */,
				64900949408A45D68C923911 /* GMSelected.png */,
				2B0764FE8C5B4514954B855F /* GMSelected@2x.png */,
				485E57BC3CA54772BBE6BEC5 /* GMVideoIcon.png */,
				96602ADA300E45C9BE018DCC /* GMVideoIcon@2x.png */,
				DF563048EF504B5AA2709B52 /* ca.lproj */,
				80EC5E4392B6468384512A87 /* de.lproj */,
				BB5E8B4F36F649989F407DA0 /* en.lproj */,
				B048B68A60C7431EB00E4A68 /* es.lproj */,
				5BE7CFE2FDAD4D148C49E64D /* fr.lproj */,
				0FC0A6078B434D388F3ED45A /* it.lproj */,
				DCD879470BF64D42B54CC0FF /* pt.lproj */,
				98FC18B9AADF430EB3FC2617 /* pl.lproj */,
				C7FBE93701544B42ACECDE36 /* zh-Hans.lproj */,
			);
			name = Resources;
			path = MyApp/Resources;
			sourceTree = "<group>";
		};
		29B97323FDCFA39411CA2CEA /* Frameworks */ = {
			isa = PBXGroup;
			children = (
				89B821099A6C4D8A829E78F0 /* ImageIO.framework */,
				5B120C7262214BAC86465E4C /* CoreLocation.framework */,
				93630792FBC14C36A4C370AA /* AVFoundation.framework */,
				434010C5626442DE983C9D8B /* QuartzCore.framework */,
				66F991CB7F564E149BAD7899 /* WebKit.framework */,
				5D7B0FFC010945F798990A92 /* libz.tbd */,
				03A831C84213456787768C03 /* Accelerate.framework */,
				CB7FEA57615B423FBEF3B7F8 /* Security.framework */,
				16022FDCFA9B4F1B8F7B6C6B /* Photos.framework */,
				57E8A9C687A0425394200883 /* SystemConfiguration.framework */,
				B959D19BF80644A583E021AF /* Social.framework */,
				654671FF8EE64DA49C33F550 /* MessageUI.framework */,
			);
			name = Frameworks;
			sourceTree = "<group>";
		};
		301BF52E109A57CC0062928A /* Products */ = {
			isa = PBXGroup;
			children = (
				301BF535109A57CC0062928A /* libCordova.a */,
				A677E49B219F51B500954B4F /* Cordova.framework */,
			);
			name = Products;
			sourceTree = "<group>";
		};
		3047A50E1AB8057F00498E2A /* config */ = {
			isa = PBXGroup;
			children = (
				3047A50F1AB8059700498E2A /* build-debug.xcconfig */,
				3047A5101AB8059700498E2A /* build-release.xcconfig */,
				3047A5111AB8059700498E2A /* build.xcconfig */,
			);
			name = config;
			sourceTree = "<group>";
		};
		307C750510C5A3420062BCA9 /* Plugins */ = {
			isa = PBXGroup;
			children = (
				233A9A9DCC1A49F799B7253F /* UIImage+CropScaleOrientation.m */,
				6CC629215C0644A4B31801A2 /* CDVCamera.m */,
				C07596B4F6BB487187798E02 /* CDVJpegHeaderWriter.m */,
				476F0121AFFA42599BDBF6A5 /* UIImage+CropScaleOrientation.h */,
				1FB99E27EB8C4297A50F6D2B /* CDVCamera.h */,
				22234C2BB4A5422288FFD077 /* CDVJpegHeaderWriter.h */,
				372B87D357934451A10D01F4 /* CDVExif.h */,
				C1C5625D0BFB465B8F26D5A4 /* CTCrop.m */,
				B9BA1D4FF00A4B428B96AB3A /* PECropRectView.m */,
				0112A70AA727426BA1DA9977 /* PECropView.m */,
				60D0B1E20D8740B5BD3FB65F /* PECropViewController.m */,
				22C1716E1DC144AD926C395C /* PEResizeControl.m */,
				C447D47E93F3452881B7D172 /* UIImage+PECrop.m */,
				5AC917AF4569476081AB6054 /* CTCrop.h */,
				7895F88B3C1640B8BA863A88 /* PECropRectView.h */,
				16E64B7B4593456A96F3FD24 /* PECropView.h */,
				8C2400CECB7047ECB89491A9 /* PECropViewController.h */,
				311DFE8E55B6423FB413011F /* PEResizeControl.h */,
				E472262AAB4148E7BDE56F24 /* UIImage+PECrop.h */,
				17891BB4A4EF4142B35317C6 /* CDVDevice.m */,
				B496A69AFBBD49CAAB053493 /* CDVDevice.h */,
				12D68065F0934142884A2217 /* CDVIonicKeyboard.m */,
				BF9077735B204E248C2C2A1E /* CDVIonicKeyboard.h */,
				698E81D13F1C464CBDBF184E /* CDVWKWebViewEngine.m */,
				F2A72359E5B3465F88146445 /* CDVWKWebViewUIDelegate.m */,
				FB8E0A818ABE4B0792044D1E /* CDVWKProcessPoolFactory.m */,
				07BCEB5584984553A1172215 /* GCDWebServer.m */,
				82D867A6AEC24A3EAF2C5301 /* GCDWebServerConnection.m */,
				AA74972DF7984D9A86F5F8B7 /* GCDWebServerFunctions.m */,
				04C6C6F3E6D94CB287F90BBC /* GCDWebServerRequest.m */,
				2A4598AA06E640EDB6D82C75 /* GCDWebServerResponse.m */,
				5E9845C17DBD4F4E806A3FE6 /* GCDWebServerDataRequest.m */,
				2AE4201B12274BE69D5C7E82 /* GCDWebServerFileRequest.m */,
				92E61DBC195544839D3BEB46 /* GCDWebServerMultiPartFormRequest.m */,
				BBAD70446A6A45AAAD664CE9 /* GCDWebServerURLEncodedFormRequest.m */,
				672B27E5CF824833AD3A9461 /* GCDWebServerDataResponse.m */,
				3D3D4430ECC14768A2CC064B /* GCDWebServerErrorResponse.m */,
				70FA38229ECB4EA69D71E4A8 /* GCDWebServerFileResponse.m */,
				CE4ABDDE0DAC47BFB11ED34D /* GCDWebServerStreamedResponse.m */,
				D57DD038C51C4DBC87089D30 /* CDVWKWebViewEngine.h */,
				5C2022C3BA3B44C9A1146095 /* CDVWKWebViewUIDelegate.h */,
				C64EF818FB19467A8CEA7F3C /* CDVWKProcessPoolFactory.h */,
				2F5576DD43C744BABA600783 /* GCDWebServer.h */,
				E35497F228704B01ABF49F0A /* GCDWebServerConnection.h */,
				0E94A25D218D41F9B5B1930B /* GCDWebServerFunctions.h */,
				E1AA98C4BFE14591B9A23FB6 /* GCDWebServerHTTPStatusCodes.h */,
				C4A706636EBF4F23A02CE2AB /* GCDWebServerPrivate.h */,
				4AF54B7C538C4DB3B48ED360 /* GCDWebServerRequest.h */,
				614AE05FD46B4E6E93AAE9DA /* GCDWebServerResponse.h */,
				F38C0EF128C5457389647004 /* GCDWebServerDataRequest.h */,
				C981D18C94AD40F59B4E76CD /* GCDWebServerFileRequest.h */,
				1074FAA5B7CF47AB96FAD33E /* GCDWebServerMultiPartFormRequest.h */,
				78903E19C0134EC48469E1A6 /* GCDWebServerURLEncodedFormRequest.h */,
				6B337103F88B40468EB62853 /* GCDWebServerDataResponse.h */,
				AA27A89DDFD64FA28222A170 /* GCDWebServerErrorResponse.h */,
				346B6DC5755F4ADBAA197CC4 /* GCDWebServerFileResponse.h */,
				52A71CC1EB6F4BE2A13FCACF /* GCDWebServerStreamedResponse.h */,
				E52DACAA3481430BBA8EE63D /* CDVSplashScreen.m */,
				20C5CF3A30BE4F89A52592E6 /* CDVViewController+SplashScreen.m */,
				57C82640711E4D26AC3DECB5 /* CDVSplashScreen.h */,
				FA2CBBD4454D4DC6923E54C8 /* CDVViewController+SplashScreen.h */,
				B7F1A828FD16421083C0177C /* CDVStatusBar.m */,
				A4C197BBE48343C4AA68BF70 /* CDVStatusBar.h */,
				9C58250037424CAB9F254D0F /* SOSPicker.m */,
				D44B1513ADF04787A7289EBA /* UIImage+fixOrientation.m */,
				69FBEE10772240D4BC6278F6 /* GMAlbumsViewCell.m */,
				F4D75F4634A944C99BB8CBF6 /* GMAlbumsViewController.m */,
				A74BD10EEF844CCE9F1D6BB1 /* GMFetchItem.m */,
				1347634C65FB4B3186B3DE30 /* GMGridViewCell.m */,
				B590070A00004B8C84056D34 /* GMGridViewController.m */,
				B9A861843AC8400CAFC144C1 /* GMImagePickerController.m */,
				47F45919465541D8A5264FE7 /* PSYBlockTimer.m */,
				D011D058C4D94AD18CBFF774 /* GMPHAsset.m */,
				ED80F3C8C76A49249960352F /* SOSPicker.h */,
				F0047BD5E9AC41D7930C271C /* UIImage+fixOrientation.h */,
				7B965C9E5DAA4DCBAFA76893 /* GMAlbumsViewCell.h */,
				B3D399D456144E798B180B20 /* GMAlbumsViewController.h */,
				D74CC0E247DA436A9D90EF12 /* GMFetchItem.h */,
				7AA3293971154025B6F0B53D /* GMGridViewCell.h */,
				0089F7838DD94CF1BE91874A /* GMGridViewController.h */,
				B2ABF4AAD25149A7AF1AF3F8 /* GMImagePickerController.h */,
				28BD74054D784211967ABE0A /* PSYBlockTimer.h */,
				F24C3A5DA70D4E43AF456754 /* GMPHAsset.h */,
				E5C72AF710324C039B86CA5E /* NSString+SSURLEncoding.m */,
				AFC534F6AD3D4025B4ED15A0 /* SocialSharing.m */,
				DAA228A2258F48D28CEAB88B /* NSString+SSURLEncoding.h */,
				C501A15FEB174EFB8DB4BB69 /* SocialSharing.h */,
			);
			name = Plugins;
			path = MyApp/Plugins;
			sourceTree = SOURCE_ROOT;
		};
		EB87FDF11871DA420020F90C /* Staging */ = {
			isa = PBXGroup;
			children = (
				F840E1F0165FE0F500CFE078 /* config.xml */,
				301BF56E109A69640062928A /* www */,
			);
			name = Staging;
			sourceTree = "<group>";
		};
/* End PBXGroup section */

/* Begin PBXNativeTarget section */
		1D6058900D05DD3D006BFB54 /* MyApp */ = {
			isa = PBXNativeTarget;
			buildConfigurationList = 1D6058960D05DD3E006BFB54 /* Build configuration list for PBXNativeTarget "MyApp" */;
			buildPhases = (
				304B58A110DAC018002A0835 /* Copy www directory */,
				1D60588D0D05DD3D006BFB54 /* Resources */,
				1D60588E0D05DD3D006BFB54 /* Sources */,
				1D60588F0D05DD3D006BFB54 /* Frameworks */,
			);
			buildRules = (
			);
			dependencies = (
				301BF551109A68C00062928A /* PBXTargetDependency */,
			);
			name = MyApp;
			productName = MyApp;
			productReference = 1D6058910D05DD3D006BFB54 /* MyApp.app */;
			productType = "com.apple.product-type.application";
		};
/* End PBXNativeTarget section */

/* Begin PBXProject section */
		29B97313FDCFA39411CA2CEA /* Project object */ = {
			isa = PBXProject;
			attributes = {
				LastUpgradeCheck = 510;
				TargetAttributes = {
					1D6058900D05DD3D006BFB54 = {
						DevelopmentTeam = 3AB7AA24XW;
					};
				};
			};
			buildConfigurationList = C01FCF4E08A954540054247B /* Build configuration list for PBXProject "MyApp" */;
			compatibilityVersion = "Xcode 3.2";
			developmentRegion = English;
			hasScannedForEncodings = 1;
			knownRegions = (
				en,
			);
			mainGroup = 29B97314FDCFA39411CA2CEA /* CustomTemplate */;
			projectDirPath = "";
			projectReferences = (
				{
					ProductGroup = 301BF52E109A57CC0062928A /* Products */;
					ProjectRef = 301BF52D109A57CC0062928A /* CordovaLib/CordovaLib.xcodeproj */;
				},
			);
			projectRoot = "";
			targets = (
				1D6058900D05DD3D006BFB54 /* MyApp */,
			);
		};
/* End PBXProject section */

/* Begin PBXReferenceProxy section */
		301BF535109A57CC0062928A /* libCordova.a */ = {
			isa = PBXReferenceProxy;
			fileType = archive.ar;
			path = libCordova.a;
			remoteRef = 301BF534109A57CC0062928A /* PBXContainerItemProxy */;
			sourceTree = BUILT_PRODUCTS_DIR;
		};
		A677E49B219F51B500954B4F /* Cordova.framework */ = {
			isa = PBXReferenceProxy;
			fileType = wrapper.framework;
			path = Cordova.framework;
			remoteRef = A677E49A219F51B500954B4F /* PBXContainerItemProxy */;
			sourceTree = BUILT_PRODUCTS_DIR;
		};
/* End PBXReferenceProxy section */

/* Begin PBXResourcesBuildPhase section */
		1D60588D0D05DD3D006BFB54 /* Resources */ = {
			isa = PBXResourcesBuildPhase;
			buildActionMask = 2147483647;
			files = (
				302D95F214D2391D003F00A1 /* MainViewController.xib in Resources */,
				0207DA581B56EA530066E2B4 /* Images.xcassets in Resources */,
				6AFF5BF91D6E424B00AB3073 /* CDVLaunchScreen.storyboard in Resources */,
				269DFAB493B141038B819CF7 /* PEPhotoCropEditor.bundle in Resources */,
				14A9C2069C4341D6A0FA257D /* GMEmptyFolder@1x.png in Resources */,
				9E0C379A34614C1FA8EE27B9 /* GMEmptyFolder@2x.png in Resources */,
				0A7B6465D9D54A799432D356 /* GMSelected.png in Resources */,
				A137B6652C4F486E9A0729CE /* GMSelected@2x.png in Resources */,
				F2DEBAF0DDFE499DB1E0FFF2 /* GMVideoIcon.png in Resources */,
				FA1CA7D72053499796C543E4 /* GMVideoIcon@2x.png in Resources */,
				E1A0805DA6F84AEBA3507933 /* ca.lproj in Resources */,
				F810041D90F44115B0F1A836 /* de.lproj in Resources */,
				20F5ED624BAA448289ED3408 /* en.lproj in Resources */,
				71ECF832FF82463F92781226 /* es.lproj in Resources */,
				2B40E250B0804CF694044F55 /* fr.lproj in Resources */,
				39BAC242C5584DCF992F2B0A /* it.lproj in Resources */,
				1133C64EDD2A49DCB98119C7 /* pt.lproj in Resources */,
				A5DCE69F7BA44354AF7B7FC9 /* pl.lproj in Resources */,
				08551CE7E5D0474188288602 /* zh-Hans.lproj in Resources */,
			);
			runOnlyForDeploymentPostprocessing = 0;
		};
/* End PBXResourcesBuildPhase section */

/* Begin PBXShellScriptBuildPhase section */
		304B58A110DAC018002A0835 /* Copy www directory */ = {
			isa = PBXShellScriptBuildPhase;
			buildActionMask = 2147483647;
			files = (
			);
			inputPaths = (
			);
			name = "Copy www directory";
			outputPaths = (
			);
			runOnlyForDeploymentPostprocessing = 0;
			shellPath = /bin/sh;
			shellScript = "NODEJS_PATH=/usr/local/bin; NVM_NODE_PATH=~/.nvm/versions/node/`nvm version 2>/dev/null`/bin; N_NODE_PATH=`find /usr/local/n/versions/node/* -maxdepth 0 -type d 2>/dev/null | tail -1`/bin; XCODE_NODE_PATH=`xcode-select --print-path`/usr/share/xcs/Node/bin; PATH=$NODEJS_PATH:$NVM_NODE_PATH:$N_NODE_PATH:$XCODE_NODE_PATH:$PATH && node cordova/lib/copy-www-build-step.js";
			showEnvVarsInLog = 0;
		};
/* End PBXShellScriptBuildPhase section */

/* Begin PBXSourcesBuildPhase section */
		1D60588E0D05DD3D006BFB54 /* Sources */ = {
			isa = PBXSourcesBuildPhase;
			buildActionMask = 2147483647;
			files = (
				1D60589B0D05DD56006BFB54 /* main.m in Sources */,
				1D3623260D0F684500981E51 /* AppDelegate.m in Sources */,
				302D95F114D2391D003F00A1 /* MainViewController.m in Sources */,
				B0BBAF3943624E47ACA3264C /* UIImage+CropScaleOrientation.m in Sources */,
				585BFF8153B94C748CEC3EC8 /* CDVCamera.m in Sources */,
				0729B16FDFB943A98D4E619A /* CDVJpegHeaderWriter.m in Sources */,
				BD05F112EDA64350B72610D8 /* CTCrop.m in Sources */,
				481779F08A60426DB34FFE39 /* PECropRectView.m in Sources */,
				7D0A15A30C3549E1B96E4E25 /* PECropView.m in Sources */,
				3ABB6BDEEF764CA4B691B459 /* PECropViewController.m in Sources */,
				7FE6FBEB798141F595F1427D /* PEResizeControl.m in Sources */,
				334F221CE7E2409CABAF3115 /* UIImage+PECrop.m in Sources */,
				15B758D0D7A14BB9A6F66597 /* CDVDevice.m in Sources */,
				863BAAC963C644479CC1804C /* CDVIonicKeyboard.m in Sources */,
				BC1C5C25C70E4E2E94205703 /* CDVWKWebViewEngine.m in Sources */,
				D35643426AD34C74B355F5B2 /* CDVWKWebViewUIDelegate.m in Sources */,
				AF006090526041CFBE3BDC3F /* CDVWKProcessPoolFactory.m in Sources */,
				101E2FC9FEBE43F69B389FF3 /* GCDWebServer.m in Sources */,
				02E9AFF30BD345FCAEF01A6C /* GCDWebServerConnection.m in Sources */,
				915BD2C725F742178CC55E5D /* GCDWebServerFunctions.m in Sources */,
				0E91394AD7DE4CF6A2D9569B /* GCDWebServerRequest.m in Sources */,
				048DEF36DFC3403EBA08B18A /* GCDWebServerResponse.m in Sources */,
				8A1FB13ACAAD49B493F8908E /* GCDWebServerDataRequest.m in Sources */,
				E301255F647746E68B2D4D3A /* GCDWebServerFileRequest.m in Sources */,
				FB9259D132824299AAD7A27F /* GCDWebServerMultiPartFormRequest.m in Sources */,
				2EEE6B318D944A5882562478 /* GCDWebServerURLEncodedFormRequest.m in Sources */,
				FEE4B998BA6C41F59D9A5D65 /* GCDWebServerDataResponse.m in Sources */,
				D60160A465904E598012D36C /* GCDWebServerErrorResponse.m in Sources */,
				26A5189D89454777A96CB62A /* GCDWebServerFileResponse.m in Sources */,
				1874D13F37B443148E30B8CF /* GCDWebServerStreamedResponse.m in Sources */,
				C1295D0EA97542FEAF6B68CD /* CDVSplashScreen.m in Sources */,
				94C72C16E1F84737B01BA9C9 /* CDVViewController+SplashScreen.m in Sources */,
				2F05A70A24754BD3848F4208 /* CDVStatusBar.m in Sources */,
				245BA3AF9E52440B89F97BE8 /* SOSPicker.m in Sources */,
				3B5C4288B2ED4E5DACBDA0B1 /* UIImage+fixOrientation.m in Sources */,
				D3E4D123FFEE4EF398218B4C /* GMAlbumsViewCell.m in Sources */,
				B6FC97C8D4704666AC296DD9 /* GMAlbumsViewController.m in Sources */,
				E68ECD3DA9D442B7B4BB78F8 /* GMFetchItem.m in Sources */,
				4841A813096E4249B0CE03FD /* GMGridViewCell.m in Sources */,
				23722809AE2546EF8F1C13BA /* GMGridViewController.m in Sources */,
				A423E19F8A1242128830824F /* GMImagePickerController.m in Sources */,
				B3A3AA3E3C9A47328A61D109 /* PSYBlockTimer.m in Sources */,
				2809451080CC4B9FB395279F /* GMPHAsset.m in Sources */,
				098954E323114B0EA29BCA1D /* NSString+SSURLEncoding.m in Sources */,
				4B14B26036894CE798FE342B /* SocialSharing.m in Sources */,
			);
			runOnlyForDeploymentPostprocessing = 0;
		};
/* End PBXSourcesBuildPhase section */

/* Begin PBXTargetDependency section */
		301BF551109A68C00062928A /* PBXTargetDependency */ = {
			isa = PBXTargetDependency;
			name = CordovaLib;
			targetProxy = 301BF550109A68C00062928A /* PBXContainerItemProxy */;
		};
/* End PBXTargetDependency section */

/* Begin XCBuildConfiguration section */
		1D6058940D05DD3E006BFB54 /* Debug */ = {
			isa = XCBuildConfiguration;
			baseConfigurationReference = 3047A50F1AB8059700498E2A /* build-debug.xcconfig */;
			buildSettings = {
				ALWAYS_SEARCH_USER_PATHS = NO;
				ASSETCATALOG_COMPILER_APPICON_NAME = AppIcon;
				ASSETCATALOG_COMPILER_LAUNCHIMAGE_NAME = LaunchImage;
				CLANG_ENABLE_MODULES = YES;
				CLANG_ENABLE_OBJC_ARC = YES;
				COPY_PHASE_STRIP = NO;
				DEVELOPMENT_TEAM = 3AB7AA24XW;
				GCC_DYNAMIC_NO_PIC = NO;
				GCC_OPTIMIZATION_LEVEL = 0;
				GCC_PRECOMPILE_PREFIX_HEADER = YES;
				GCC_PREFIX_HEADER = "MyApp/MyApp-Prefix.pch";
				GCC_THUMB_SUPPORT = NO;
				GCC_VERSION = "";
				INFOPLIST_FILE = "MyApp/MyApp-Info.plist";
				IPHONEOS_DEPLOYMENT_TARGET = 9.0;
				LD_RUNPATH_SEARCH_PATHS = "@executable_path/Frameworks";
				PRODUCT_NAME = MyApp;
				TARGETED_DEVICE_FAMILY = "1,2";
			};
			name = Debug;
		};
		1D6058950D05DD3E006BFB54 /* Release */ = {
			isa = XCBuildConfiguration;
			baseConfigurationReference = 3047A5101AB8059700498E2A /* build-release.xcconfig */;
			buildSettings = {
				ALWAYS_SEARCH_USER_PATHS = NO;
				ASSETCATALOG_COMPILER_APPICON_NAME = AppIcon;
				ASSETCATALOG_COMPILER_LAUNCHIMAGE_NAME = LaunchImage;
				CLANG_ENABLE_MODULES = YES;
				CLANG_ENABLE_OBJC_ARC = YES;
				COPY_PHASE_STRIP = YES;
				DEVELOPMENT_TEAM = 3AB7AA24XW;
				GCC_PRECOMPILE_PREFIX_HEADER = YES;
				GCC_PREFIX_HEADER = "MyApp/MyApp-Prefix.pch";
				GCC_THUMB_SUPPORT = NO;
				GCC_VERSION = "";
				INFOPLIST_FILE = "MyApp/MyApp-Info.plist";
				IPHONEOS_DEPLOYMENT_TARGET = 9.0;
				LD_RUNPATH_SEARCH_PATHS = "@executable_path/Frameworks";
				PRODUCT_NAME = MyApp;
				TARGETED_DEVICE_FAMILY = "1,2";
			};
			name = Release;
		};
		C01FCF4F08A954540054247B /* Debug */ = {
			isa = XCBuildConfiguration;
			baseConfigurationReference = 3047A5111AB8059700498E2A /* build.xcconfig */;
			buildSettings = {
				CLANG_ENABLE_MODULES = YES;
				CLANG_ENABLE_OBJC_ARC = YES;
				CLANG_WARN_BOOL_CONVERSION = YES;
				CLANG_WARN_CONSTANT_CONVERSION = YES;
				CLANG_WARN_EMPTY_BODY = YES;
				CLANG_WARN_ENUM_CONVERSION = YES;
				CLANG_WARN_INT_CONVERSION = YES;
				CLANG_WARN__DUPLICATE_METHOD_MATCH = YES;
				GCC_C_LANGUAGE_STANDARD = c99;
				GCC_THUMB_SUPPORT = NO;
				GCC_VERSION = "";
				GCC_WARN_ABOUT_RETURN_TYPE = YES;
				GCC_WARN_UNDECLARED_SELECTOR = YES;
				GCC_WARN_UNINITIALIZED_AUTOS = YES;
				GCC_WARN_UNUSED_FUNCTION = YES;
				GCC_WARN_UNUSED_VARIABLE = YES;
				ONLY_ACTIVE_ARCH = YES;
				SDKROOT = iphoneos;
				SKIP_INSTALL = NO;
			};
			name = Debug;
		};
		C01FCF5008A954540054247B /* Release */ = {
			isa = XCBuildConfiguration;
			baseConfigurationReference = 3047A5111AB8059700498E2A /* build.xcconfig */;
			buildSettings = {
				CLANG_ENABLE_MODULES = YES;
				CLANG_ENABLE_OBJC_ARC = YES;
				CLANG_WARN_BOOL_CONVERSION = YES;
				CLANG_WARN_CONSTANT_CONVERSION = YES;
				CLANG_WARN_EMPTY_BODY = YES;
				CLANG_WARN_ENUM_CONVERSION = YES;
				CLANG_WARN_INT_CONVERSION = YES;
				CLANG_WARN__DUPLICATE_METHOD_MATCH = YES;
				GCC_C_LANGUAGE_STANDARD = c99;
				GCC_THUMB_SUPPORT = NO;
				GCC_VERSION = "";
				GCC_WARN_ABOUT_RETURN_TYPE = YES;
				GCC_WARN_UNDECLARED_SELECTOR = YES;
				GCC_WARN_UNINITIALIZED_AUTOS = YES;
				GCC_WARN_UNUSED_FUNCTION = YES;
				GCC_WARN_UNUSED_VARIABLE = YES;
				SDKROOT = iphoneos;
				SKIP_INSTALL = NO;
			};
			name = Release;
		};
/* End XCBuildConfiguration section */

/* Begin XCConfigurationList section */
		1D6058960D05DD3E006BFB54 /* Build configuration list for PBXNativeTarget "MyApp" */ = {
			isa = XCConfigurationList;
			buildConfigurations = (
				1D6058940D05DD3E006BFB54 /* Debug */,
				1D6058950D05DD3E006BFB54 /* Release */,
			);
			defaultConfigurationIsVisible = 0;
			defaultConfigurationName = Release;
		};
		C01FCF4E08A954540054247B /* Build configuration list for PBXProject "MyApp" */ = {
			isa = XCConfigurationList;
			buildConfigurations = (
				C01FCF4F08A954540054247B /* Debug */,
				C01FCF5008A954540054247B /* Release */,
			);
			defaultConfigurationIsVisible = 0;
			defaultConfigurationName = Release;
		};
/* End XCConfigurationList section */
	};
	rootObject = 29B97313FDCFA39411CA2CEA /* Project object */;
}
